# This file was autogenerated by Stack.
# You should not edit this file by hand.
# For more information, please see the documentation at:
#   https://docs.haskellstack.org/en/stable/lock_files

packages:
- completed:
    name: numhask-space
    version: 0.5.0
    git: https://github.com/tonyday567/numhask-space
    pantry-tree:
      size: 1074
      sha256: a4c39e1a6edb00b40feb16077610cd306e1b48f58a277cc333b98fbf1a127f53
    commit: 6525f5096525196fe367dabdfe596a7bd0c0aa6c
  original:
    git: https://github.com/tonyday567/numhask-space
    commit: 6525f5096525196fe367dabdfe596a7bd0c0aa6c
- completed:
    subdir: numhask-prelude
    name: numhask-prelude
    version: 0.6.0
    git: https://github.com/tonyday567/numhask
    pantry-tree:
      size: 338
      sha256: c4a8b69caf234c1a0b3374d1b740b9dd60317d01e5ee7b34cdbaad32639a905c
    commit: 37ee8dced120f60a511baa6bb6c7ac382b1e8827
  original:
    subdir: numhask-prelude
    git: https://github.com/tonyday567/numhask
    commit: 37ee8dced120f60a511baa6bb6c7ac382b1e8827
- completed:
    subdir: numhask
    name: numhask
    version: 0.6.0
    git: https://github.com/tonyday567/numhask
    pantry-tree:
      size: 1668
      sha256: b8cefa8ebdadb9f9d15dcc5151b1e5d85d5b81318a3b595ed805e6a7e7dc1c61
    commit: 37ee8dced120f60a511baa6bb6c7ac382b1e8827
  original:
    subdir: numhask
    git: https://github.com/tonyday567/numhask
    commit: 37ee8dced120f60a511baa6bb6c7ac382b1e8827
- completed:
    subdir: numhask-hedgehog
    name: numhask-hedgehog
    version: 0.4.0
    git: https://github.com/tonyday567/numhask
    pantry-tree:
      size: 560
      sha256: 17b31da03e20727f3d6942d5b2837593bf90c4fee19c3b53cee96387d27cf2db
    commit: 37ee8dced120f60a511baa6bb6c7ac382b1e8827
  original:
    subdir: numhask-hedgehog
    git: https://github.com/tonyday567/numhask
    commit: 37ee8dced120f60a511baa6bb6c7ac382b1e8827
- completed:
    name: numhask-array
    version: 0.7.0
    git: https://github.com/tonyday567/numhask-array
    pantry-tree:
      size: 991
      sha256: df386b88f19f1387badb4ba4fc36ead2ddfb907597b8f4c322c30b73039e8d85
    commit: 7f3d74e08c256e7cc846d348784b27e0467b00ec
  original:
    git: https://github.com/tonyday567/numhask-array
    commit: 7f3d74e08c256e7cc846d348784b27e0467b00ec
- completed:
    name: box
    version: 0.5.0
    git: https://github.com/tonyday567/box
    pantry-tree:
      size: 1548
      sha256: 72c80845dbdb92c0490acef73ced0b2259ad28a9ad25c17e40f14ec6ef02256a
    commit: d496d333524d5a64a799dd390f4cc98b0d35bb67
  original:
    git: https://github.com/tonyday567/box
    commit: d496d333524d5a64a799dd390f4cc98b0d35bb67
- completed:
    name: box-csv
    version: 0.0.1
    git: https://github.com/tonyday567/box-csv
    pantry-tree:
      size: 772
      sha256: 65ea961e1ac4b44d49f6142385924e964632e22aa8c940969ac4aea08cd44add
    commit: f8a0ff31595537d314315f6fc6d79f606ae632f2
  original:
    git: https://github.com/tonyday567/box-csv
    commit: f8a0ff31595537d314315f6fc6d79f606ae632f2
- completed:
    name: web-rep
    version: 0.6.0
    git: https://github.com/tonyday567/web-rep
    pantry-tree:
      size: 2308
      sha256: 05cbbf82057041ff5291da3d3f731dc63bfd512f377ce0e613075e7c01599b72
    commit: 340751aff13ce23c13b55960f78c51d52a8ad6f7
  original:
    git: https://github.com/tonyday567/web-rep
    commit: 340751aff13ce23c13b55960f78c51d52a8ad6f7
- completed:
    hackage: javascript-bridge-0.2.0@sha256:851bf3abef5b7ee66dc2019d818288d9ea4dbeb8bc90de92eca75d08a5db6eec,3242
    pantry-tree:
      size: 753
      sha256: a516002d05f3b2ba83d020e5c2370d9d462446853bdd9948810d5627e269fa7a
  original:
    hackage: javascript-bridge-0.2.0
- completed:
    name: chart-svg
    version: 0.1.0
    git: https://github.com/tonyday567/chart-svg
    pantry-tree:
      size: 2162
      sha256: 40f77a26f60421a9af4564831e67dbc66d80405ee5eb0c3db69bdabb3b667674
    commit: 25e1e1eae49a588d356d51e5289e339e0975f05b
  original:
    git: https://github.com/tonyday567/chart-svg
    commit: 25e1e1eae49a588d356d51e5289e339e0975f05b
- completed:
    hackage: Color-0.1.4@sha256:bd63ebe43000228a0ce087f2aee91b99d3c5d2a0c8506551ce37dad8eb5e44e8,8070
    pantry-tree:
      size: 6542
      sha256: bf8d32156533b4c7725fbd0834d0cfcf441bf13a09dc713c117b1554f9e8b90a
  original:
    hackage: Color-0.1.4
- completed:
    name: readme-lhs
    version: 0.7.0
    git: https://github.com/tonyday567/readme-lhs
    pantry-tree:
      size: 1071
      sha256: 0436d5de30d885083ec3acd6af883d93e7cef3482ac15bd570eef03863c3fa83
    commit: e2a07bd492073dfed912f214cad61919a70c6fd7
  original:
    git: https://github.com/tonyday567/readme-lhs
    commit: e2a07bd492073dfed912f214cad61919a70c6fd7
- completed:
    hackage: pandoc-2.10@sha256:954cb8d8c8a49ff52372fa77ca8414052d6a31e1b99c0c9552fbe349e707ce5f,36760
    pantry-tree:
      size: 89401
      sha256: bd2837083be670e471abd6a3bc3df31c2695444c9095daba34987ca8557aece9
  original:
    hackage: pandoc-2.10
- completed:
    hackage: hslua-1.1.2@sha256:6c231b2af447430d1ed04f065d40bb6882ece93cc7f32f4051dc99deb69beeae,9694
    pantry-tree:
      size: 6820
      sha256: 62e61f6d08191159a070dcbaa20284a581835de620105a254dbee1c7ddfabd9d
  original:
    hackage: hslua-1.1.2
- completed:
    hackage: jira-wiki-markup-1.3.2@sha256:b5f0901208a0ee07aff60f5356aeb851b7aa7950c75a18a15fd34247a35886d8,3819
    pantry-tree:
      size: 1180
      sha256: 90fa545210a211b8ec88b59f92fe2877ebf2f9e55e2ce2fba6103a3615bd0ab9
  original:
    hackage: jira-wiki-markup-1.3.2
- completed:
    subdir: perf
    name: perf
    version: 0.7.0
    git: https://github.com/tonyday567/perf
    pantry-tree:
      size: 422
      sha256: 81ad1bd21358936486d8d00f1d41cc0032832c06e5ab8554886de698c0573583
    commit: d68a32144810775fbddf541a0f5109843d625809
  original:
    subdir: perf
    git: https://github.com/tonyday567/perf
    commit: d68a32144810775fbddf541a0f5109843d625809
- completed:
    name: online
    version: 0.6.0
    git: https://github.com/tonyday567/online
    pantry-tree:
      size: 741
      sha256: f4438910f394729dbf9344517ac9da68081e009bf55c3ff09d7a7be717dde7c8
    commit: 1bf501b738a3250bbe47ce8962d5188b9911fb99
  original:
    git: https://github.com/tonyday567/online
    commit: 1bf501b738a3250bbe47ce8962d5188b9911fb99
- completed:
    hackage: backprop-0.2.6.4@sha256:9c08b0bace225b9a1ac08ce8201bad5ae140bcb501f70704a57db7ee99334618,2805
    pantry-tree:
      size: 2123
      sha256: 43bfca6c02c69f5fc48caad795f573cfe6a1134610bef0234954736e096047fe
  original:
    hackage: backprop-0.2.6.4
- completed:
    hackage: monad-bayes-0.1.1.0@sha256:57d96f530a37a1c8efed0830c7f2bcf86da05d0d53324aebdd5b5aa165d72829,5132
    pantry-tree:
      size: 2419
      sha256: 39c3c264da0b75b717909693f5ecaf8342761e4da62d6c273ae4fdc5d2011afb
  original:
    hackage: monad-bayes-0.1.1.0
- completed:
    hackage: vinyl-0.12.2@sha256:cefc269fd137841861c13f28a3f20f5973ef24e9f1e6245b77b688f1cbd979de,3717
    pantry-tree:
      size: 1857
      sha256: 746367fcc06b7b1ffe5f55cc388df2daa3f5eb0f87b06f4e79582e3d16ef33a9
  original:
    hackage: vinyl-0.12.2
snapshots:
- completed:
    size: 503181
    url: https://raw.githubusercontent.com/commercialhaskell/stackage-snapshots/master/nightly/2020/6/25.yaml
    sha256: 96e98363790e62f4498da632069a03101cf588b3b47925e707f080cff4b6cfbb
  original: nightly-2020-06-25
