# This file was autogenerated by Stack.
# You should not edit this file by hand.
# For more information, please see the documentation at:
#   https://docs.haskellstack.org/en/stable/lock_files

packages:
- completed:
    hackage: backprop-0.2.6.4@sha256:9c08b0bace225b9a1ac08ce8201bad5ae140bcb501f70704a57db7ee99334618,2805
    pantry-tree:
      size: 2123
      sha256: 43bfca6c02c69f5fc48caad795f573cfe6a1134610bef0234954736e096047fe
  original:
    hackage: backprop-0.2.6.4
- completed:
    hackage: box-0.5.0@sha256:136cb3aec70434c787938caeda664169803d89c19bc78623340a85253f68c1fc,3358
    pantry-tree:
      size: 951
      sha256: 4f456e572f83c16d4a387bb2323ac010cc32c09b9bb72a4015643c8567c200ba
  original:
    hackage: box-0.5.0
- completed:
    hackage: box-csv-0.0.1@sha256:0a0835545f7aad3bab3aa8f76983d4bec97149a17ecdea3a046e3866d2c755cf,1460
    pantry-tree:
      size: 165
      sha256: 0da663938998f90a9fa59280517dd0be1991817f5c20b438effb97ac6fa5d879
  original:
    hackage: box-csv-0.0.1
- completed:
    hackage: box-socket-0.0.1@sha256:0d2e40c12c0081938ab7952016399f841e586c354101f105f699deaaab95efa9,2010
    pantry-tree:
      size: 229
      sha256: 1c1a8f57df0a4f77a1fe35143636fd50fa717e80e7cbc5e7abaf5003cf23153f
  original:
    hackage: box-socket-0.0.1
- completed:
    hackage: chart-svg-0.1.0@sha256:ba3551a562fec996799cc2f6bc72efc831115bb29d72a60d909e02e0e6f0cfb9,3101
    pantry-tree:
      size: 1508
      sha256: 3160e2884def4c7e2d0f2a16a9f876961e6546409fed3f06d65b9a20b6f47bad
  original:
    hackage: chart-svg-0.1.0
- completed:
    hackage: hslua-1.1.2@sha256:6c231b2af447430d1ed04f065d40bb6882ece93cc7f32f4051dc99deb69beeae,9694
    pantry-tree:
      size: 6820
      sha256: 62e61f6d08191159a070dcbaa20284a581835de620105a254dbee1c7ddfabd9d
  original:
    hackage: hslua-1.1.2
- completed:
    hackage: jira-wiki-markup-1.3.2@sha256:b5f0901208a0ee07aff60f5356aeb851b7aa7950c75a18a15fd34247a35886d8,3819
    pantry-tree:
      size: 1180
      sha256: 90fa545210a211b8ec88b59f92fe2877ebf2f9e55e2ce2fba6103a3615bd0ab9
  original:
    hackage: jira-wiki-markup-1.3.2
- completed:
    hackage: monad-bayes-0.1.1.0@sha256:57d96f530a37a1c8efed0830c7f2bcf86da05d0d53324aebdd5b5aa165d72829,5132
    pantry-tree:
      size: 2419
      sha256: 39c3c264da0b75b717909693f5ecaf8342761e4da62d6c273ae4fdc5d2011afb
  original:
    hackage: monad-bayes-0.1.1.0
- completed:
    hackage: numhask-0.6.0@sha256:f272b77dde4b598dd3af2fd12a2bf7abb3c296295ebc3fafefa628ee6726be39,1621
    pantry-tree:
      size: 1656
      sha256: 9f6c30b5217b3e8b32cec46ae8b2b2831a84949b4be3c714fe571077cf4a6542
  original:
    hackage: numhask-0.6.0
- completed:
    hackage: numhask-array-0.7.0@sha256:75e3e08e37e93a5eb9d5d219a7c4eeae933f4f76e8b254ff6e41440dae5f27fb,1614
    pantry-tree:
      size: 643
      sha256: f66ae2c5e1301d13f8b7e7f11d38d6e6116dce29a72a035b78d8970a384016b3
  original:
    hackage: numhask-array-0.7.0
- completed:
    hackage: numhask-space-0.5.0@sha256:8a7f52cb6693315329256fdab3c093ec8ae7467feaef8bcd2ef82e20c017a962,1830
    pantry-tree:
      size: 675
      sha256: 675ab41df005df6a10212f63e7691791e13735f55005c3211f5c8672bd3c3729
  original:
    hackage: numhask-space-0.5.0
- completed:
    hackage: online-0.6.0@sha256:3fdbe1646f4263f6f7d6818a19a229d0bcdd50055437cc3dbec85d84e54a357c,1706
    pantry-tree:
      size: 291
      sha256: 9fe0c2ecc087f7c290e1ab26b772e4c4f64d1eb189b73a4d835ad9d22403ed08
  original:
    hackage: online-0.6.0
- completed:
    hackage: pandoc-2.10@sha256:954cb8d8c8a49ff52372fa77ca8414052d6a31e1b99c0c9552fbe349e707ce5f,36760
    pantry-tree:
      size: 89401
      sha256: bd2837083be670e471abd6a3bc3df31c2695444c9095daba34987ca8557aece9
  original:
    hackage: pandoc-2.10
- completed:
    hackage: readme-lhs-0.7.0@sha256:c3ee0306b1395006aa01d676655560bc98d65738df9692ed5f92f329f82e0416,2034
    pantry-tree:
      size: 557
      sha256: e01a878362e767277cf8f5f833c19f9c76b1daa8ba89c2d0818e6bcf474fa4a6
  original:
    hackage: readme-lhs-0.7.0
- completed:
    hackage: vinyl-0.13.0@sha256:0f247cd3f8682b30881a07de18e6fec52d540646fbcb328420049cc8d63cd407,3724
    pantry-tree:
      size: 1857
      sha256: 860fb95820b595161cdbdec5f376100ebae2d14e5ef0dbe311546202f7525d01
  original:
    hackage: vinyl-0.13.0
- completed:
    hackage: web-rep-0.6.0@sha256:c774ba2153c5c93237cac25cfa9c71497f9d21b340875a3e12325679e59452bc,2934
    pantry-tree:
      size: 1112
      sha256: afcf23e93b5d68a539d3d14d4664e710706fde09b24d0829e58feb06d9f0b4f7
  original:
    hackage: web-rep-0.6.0
snapshots:
- completed:
    size: 503181
    url: https://raw.githubusercontent.com/commercialhaskell/stackage-snapshots/master/nightly/2020/6/25.yaml
    sha256: 96e98363790e62f4498da632069a03101cf588b3b47925e707f080cff4b6cfbb
  original: nightly-2020-06-25
